
Microsoft Visual Studio Solution File, Format Version 12.00
# Visual Studio Version 17
VisualStudioVersion = 17.14.36310.24 d17.14
MinimumVisualStudioVersion = 10.0.40219.1
Project("{FAE04EC0-301F-11D3-BF4B-00C04F79EFBC}") = "SD20309", "SD20309.csproj", "{D55108F3-F9DC-4CEA-A2E1-B0545D69AD3E}"
EndProject
Global
	GlobalSection(SolutionConfigurationPlatforms) = preSolution
		Debug|Any CPU = Debug|Any CPU
		Release|Any CPU = Release|Any CPU
	EndGlobalSection
	GlobalSection(ProjectConfigurationPlatforms) = postSolution
		{D55108F3-F9DC-4CEA-A2E1-B0545D69AD3E}.Debug|Any CPU.ActiveCfg = Debug|Any CPU
		{D55108F3-F9DC-4CEA-A2E1-B0545D69AD3E}.Debug|Any CPU.Build.0 = Debug|Any CPU
		{D55108F3-F9DC-4CEA-A2E1-B0545D69AD3E}.Release|Any CPU.ActiveCfg = Release|Any CPU
		{D55108F3-F9DC-4CEA-A2E1-B0545D69AD3E}.Release|Any CPU.Build.0 = Release|Any CPU
	EndGlobalSection
	GlobalSection(SolutionProperties) = preSolution
		HideSolutionNode = FALSE
	EndGlobalSection
	GlobalSection(ExtensibilityGlobals) = postSolution
		SolutionGuid = {22BB8CF8-DD86-4391-884F-C38AD4B06DE9}
	EndGlobalSection
EndGlobal
